// !$*UTF8*$!
{
	archiveVersion = 1;
	classes = {
	};
	objectVersion = 56;
	objects = {

/* Begin PBXBuildFile section */
		DA46755B2ABF357400D3D94B /* Colors.swift in Sources */ = {isa = PBXBuildFile; fileRef = DA46755A2ABF357400D3D94B /* Colors.swift */; };
		DA93C11B2ABD76F000828C85 /* PhotosDataModel.swift in Sources */ = {isa = PBXBuildFile; fileRef = DA93C11A2ABD76F000828C85 /* PhotosDataModel.swift */; };
		DA93C11F2ABD794D00828C85 /* HomeViewModels.swift in Sources */ = {isa = PBXBuildFile; fileRef = DA93C11E2ABD794D00828C85 /* HomeViewModels.swift */; };
		DA93C1222ABD796000828C85 /* RawPreviewData.swift in Sources */ = {isa = PBXBuildFile; fileRef = DA93C1212ABD796000828C85 /* RawPreviewData.swift */; };
		DAA1CB632ABC29300028082A /* PexelsApp.swift in Sources */ = {isa = PBXBuildFile; fileRef = DAA1CB622ABC29300028082A /* PexelsApp.swift */; };
		DAA1CB652ABC29300028082A /* HomeView.swift in Sources */ = {isa = PBXBuildFile; fileRef = DAA1CB642ABC29300028082A /* HomeView.swift */; };
		DAA1CB672ABC29310028082A /* Assets.xcassets in Resources */ = {isa = PBXBuildFile; fileRef = DAA1CB662ABC29310028082A /* Assets.xcassets */; };
		DAA1CB6A2ABC29310028082A /* Preview Assets.xcassets in Resources */ = {isa = PBXBuildFile; fileRef = DAA1CB692ABC29310028082A /* Preview Assets.xcassets */; };
		DAA1CB762ABC36DB0028082A /* HomeService.swift in Sources */ = {isa = PBXBuildFile; fileRef = DAA1CB752ABC36DB0028082A /* HomeService.swift */; };
		DAA1CB782ABC37550028082A /* ItemImageView.swift in Sources */ = {isa = PBXBuildFile; fileRef = DAA1CB772ABC37550028082A /* ItemImageView.swift */; };
		DAA1CB7B2ABC38610028082A /* Kingfisher in Frameworks */ = {isa = PBXBuildFile; productRef = DAA1CB7A2ABC38610028082A /* Kingfisher */; };
		DAB5B9DC2ABEEEE700B0C31B /* Lottie in Frameworks */ = {isa = PBXBuildFile; productRef = DAB5B9DB2ABEEEE700B0C31B /* Lottie */; };
		DAB5B9E42ABEF80700B0C31B /* search_animation.json in Resources */ = {isa = PBXBuildFile; fileRef = DAB5B9E32ABEF80700B0C31B /* search_animation.json */; };
		DADEE26C2ABDF0CF006FAF02 /* VideosDataModel.swift in Sources */ = {isa = PBXBuildFile; fileRef = DADEE26B2ABDF0CF006FAF02 /* VideosDataModel.swift */; };
		DADEE2702ABDF2FD006FAF02 /* ItemVideoView.swift in Sources */ = {isa = PBXBuildFile; fileRef = DADEE26F2ABDF2FD006FAF02 /* ItemVideoView.swift */; };
		DADEE2722ABE06BF006FAF02 /* VideoDetailsView.swift in Sources */ = {isa = PBXBuildFile; fileRef = DADEE2712ABE06BF006FAF02 /* VideoDetailsView.swift */; };
/* End PBXBuildFile section */

/* Begin PBXFileReference section */
		DA46755A2ABF357400D3D94B /* Colors.swift */ = {isa = PBXFileReference; lastKnownFileType = sourcecode.swift; path = Colors.swift; sourceTree = "<group>"; };
		DA93C11A2ABD76F000828C85 /* PhotosDataModel.swift */ = {isa = PBXFileReference; lastKnownFileType = sourcecode.swift; path = PhotosDataModel.swift; sourceTree = "<group>"; };
		DA93C11E2ABD794D00828C85 /* HomeViewModels.swift */ = {isa = PBXFileReference; lastKnownFileType = sourcecode.swift; path = HomeViewModels.swift; sourceTree = "<group>"; };
		DA93C1212ABD796000828C85 /* RawPreviewData.swift */ = {isa = PBXFileReference; lastKnownFileType = sourcecode.swift; path = RawPreviewData.swift; sourceTree = "<group>"; };
		DAA1CB5F2ABC29300028082A /* Pexels.app */ = {isa = PBXFileReference; explicitFileType = wrapper.application; includeInIndex = 0; path = Pexels.app; sourceTree = BUILT_PRODUCTS_DIR; };
		DAA1CB622ABC29300028082A /* PexelsApp.swift */ = {isa = PBXFileReference; lastKnownFileType = sourcecode.swift; path = PexelsApp.swift; sourceTree = "<group>"; };
		DAA1CB642ABC29300028082A /* HomeView.swift */ = {isa = PBXFileReference; lastKnownFileType = sourcecode.swift; path = HomeView.swift; sourceTree = "<group>"; };
		DAA1CB662ABC29310028082A /* Assets.xcassets */ = {isa = PBXFileReference; lastKnownFileType = folder.assetcatalog; path = Assets.xcassets; sourceTree = "<group>"; };
		DAA1CB692ABC29310028082A /* Preview Assets.xcassets */ = {isa = PBXFileReference; lastKnownFileType = folder.assetcatalog; path = "Preview Assets.xcassets"; sourceTree = "<group>"; };
		DAA1CB752ABC36DB0028082A /* HomeService.swift */ = {isa = PBXFileReference; lastKnownFileType = sourcecode.swift; path = HomeService.swift; sourceTree = "<group>"; };
		DAA1CB772ABC37550028082A /* ItemImageView.swift */ = {isa = PBXFileReference; lastKnownFileType = sourcecode.swift; path = ItemImageView.swift; sourceTree = "<group>"; };
		DAB5B9E32ABEF80700B0C31B /* search_animation.json */ = {isa = PBXFileReference; fileEncoding = 4; lastKnownFileType = text.json; name = search_animation.json; path = ../../../../Downloads/search_animation.json; sourceTree = "<group>"; };
		DADEE26B2ABDF0CF006FAF02 /* VideosDataModel.swift */ = {isa = PBXFileReference; lastKnownFileType = sourcecode.swift; path = VideosDataModel.swift; sourceTree = "<group>"; };
		DADEE26F2ABDF2FD006FAF02 /* ItemVideoView.swift */ = {isa = PBXFileReference; lastKnownFileType = sourcecode.swift; path = ItemVideoView.swift; sourceTree = "<group>"; };
		DADEE2712ABE06BF006FAF02 /* VideoDetailsView.swift */ = {isa = PBXFileReference; lastKnownFileType = sourcecode.swift; path = VideoDetailsView.swift; sourceTree = "<group>"; };
/* End PBXFileReference section */

/* Begin PBXFrameworksBuildPhase section */
		DAA1CB5C2ABC29300028082A /* Frameworks */ = {
			isa = PBXFrameworksBuildPhase;
			buildActionMask = 2147483647;
			files = (
				DAA1CB7B2ABC38610028082A /* Kingfisher in Frameworks */,
				DAB5B9DC2ABEEEE700B0C31B /* Lottie in Frameworks */,
			);
			runOnlyForDeploymentPostprocessing = 0;
		};
/* End PBXFrameworksBuildPhase section */

/* Begin PBXGroup section */
		DA4675592ABF356400D3D94B /* Extensions */ = {
			isa = PBXGroup;
			children = (
				DA46755A2ABF357400D3D94B /* Colors.swift */,
			);
			path = Extensions;
			sourceTree = "<group>";
		};
		DA93C11D2ABD793F00828C85 /* ViewModels */ = {
			isa = PBXGroup;
			children = (
				DA93C11E2ABD794D00828C85 /* HomeViewModels.swift */,
			);
			path = ViewModels;
			sourceTree = "<group>";
		};
		DA93C1202ABD795000828C85 /* Utilities */ = {
			isa = PBXGroup;
			children = (
				DA93C1212ABD796000828C85 /* RawPreviewData.swift */,
			);
			path = Utilities;
			sourceTree = "<group>";
		};
		DAA1CB562ABC29300028082A = {
			isa = PBXGroup;
			children = (
				DAA1CB612ABC29300028082A /* Pexels */,
				DAA1CB602ABC29300028082A /* Products */,
			);
			sourceTree = "<group>";
		};
		DAA1CB602ABC29300028082A /* Products */ = {
			isa = PBXGroup;
			children = (
				DAA1CB5F2ABC29300028082A /* Pexels.app */,
			);
			name = Products;
			sourceTree = "<group>";
		};
		DAA1CB612ABC29300028082A /* Pexels */ = {
			isa = PBXGroup;
			children = (
				DA4675592ABF356400D3D94B /* Extensions */,
				DAB5B9E32ABEF80700B0C31B /* search_animation.json */,
				DA93C1202ABD795000828C85 /* Utilities */,
				DA93C11D2ABD793F00828C85 /* ViewModels */,
				DAA1CB732ABC29720028082A /* Services */,
				DAA1CB722ABC296B0028082A /* Core */,
				DAA1CB702ABC29600028082A /* Models */,
				DAA1CB622ABC29300028082A /* PexelsApp.swift */,
				DAA1CB662ABC29310028082A /* Assets.xcassets */,
				DAA1CB682ABC29310028082A /* Preview Content */,
			);
			path = Pexels;
			sourceTree = "<group>";
		};
		DAA1CB682ABC29310028082A /* Preview Content */ = {
			isa = PBXGroup;
			children = (
				DAA1CB692ABC29310028082A /* Preview Assets.xcassets */,
			);
			path = "Preview Content";
			sourceTree = "<group>";
		};
		DAA1CB702ABC29600028082A /* Models */ = {
			isa = PBXGroup;
			children = (
				DA93C11A2ABD76F000828C85 /* PhotosDataModel.swift */,
				DADEE26B2ABDF0CF006FAF02 /* VideosDataModel.swift */,
			);
			path = Models;
			sourceTree = "<group>";
		};
		DAA1CB712ABC29650028082A /* Views */ = {
			isa = PBXGroup;
			children = (
				DAA1CB642ABC29300028082A /* HomeView.swift */,
				DADEE2712ABE06BF006FAF02 /* VideoDetailsView.swift */,
			);
			path = Views;
			sourceTree = "<group>";
		};
		DAA1CB722ABC296B0028082A /* Core */ = {
			isa = PBXGroup;
			children = (
				DAA1CB742ABC29D60028082A /* Components */,
				DAA1CB712ABC29650028082A /* Views */,
			);
			path = Core;
			sourceTree = "<group>";
		};
		DAA1CB732ABC29720028082A /* Services */ = {
			isa = PBXGroup;
			children = (
				DAA1CB752ABC36DB0028082A /* HomeService.swift */,
			);
			path = Services;
			sourceTree = "<group>";
		};
		DAA1CB742ABC29D60028082A /* Components */ = {
			isa = PBXGroup;
			children = (
				DAA1CB772ABC37550028082A /* ItemImageView.swift */,
				DADEE26F2ABDF2FD006FAF02 /* ItemVideoView.swift */,
			);
			path = Components;
			sourceTree = "<group>";
		};
/* End PBXGroup section */

/* Begin PBXNativeTarget section */
		DAA1CB5E2ABC29300028082A /* Pexels */ = {
			isa = PBXNativeTarget;
			buildConfigurationList = DAA1CB6D2ABC29310028082A /* Build configuration list for PBXNativeTarget "Pexels" */;
			buildPhases = (
				DAA1CB5B2ABC29300028082A /* Sources */,
				DAA1CB5C2ABC29300028082A /* Frameworks */,
				DAA1CB5D2ABC29300028082A /* Resources */,
			);
			buildRules = (
			);
			dependencies = (
			);
			name = Pexels;
			packageProductDependencies = (
				DAA1CB7A2ABC38610028082A /* Kingfisher */,
				DAB5B9DB2ABEEEE700B0C31B /* Lottie */,
			);
			productName = Pexels;
			productReference = DAA1CB5F2ABC29300028082A /* Pexels.app */;
			productType = "com.apple.product-type.application";
		};
/* End PBXNativeTarget section */

/* Begin PBXProject section */
		DAA1CB572ABC29300028082A /* Project object */ = {
			isa = PBXProject;
			attributes = {
				BuildIndependentTargetsInParallel = 1;
				LastSwiftUpdateCheck = 1500;
				LastUpgradeCheck = 1500;
				TargetAttributes = {
					DAA1CB5E2ABC29300028082A = {
						CreatedOnToolsVersion = 15.0;
					};
				};
			};
			buildConfigurationList = DAA1CB5A2ABC29300028082A /* Build configuration list for PBXProject "Pexels" */;
			compatibilityVersion = "Xcode 14.0";
			developmentRegion = en;
			hasScannedForEncodings = 0;
			knownRegions = (
				en,
				Base,
			);
			mainGroup = DAA1CB562ABC29300028082A;
			packageReferences = (
				DAA1CB792ABC38610028082A /* XCRemoteSwiftPackageReference "Kingfisher" */,
				DAB5B9DA2ABEEEE700B0C31B /* XCRemoteSwiftPackageReference "lottie-ios" */,
			);
			productRefGroup = DAA1CB602ABC29300028082A /* Products */;
			projectDirPath = "";
			projectRoot = "";
			targets = (
				DAA1CB5E2ABC29300028082A /* Pexels */,
			);
		};
/* End PBXProject section */

/* Begin PBXResourcesBuildPhase section */
		DAA1CB5D2ABC29300028082A /* Resources */ = {
			isa = PBXResourcesBuildPhase;
			buildActionMask = 2147483647;
			files = (
				DAA1CB6A2ABC29310028082A /* Preview Assets.xcassets in Resources */,
				DAB5B9E42ABEF80700B0C31B /* search_animation.json in Resources */,
				DAA1CB672ABC29310028082A /* Assets.xcassets in Resources */,
			);
			runOnlyForDeploymentPostprocessing = 0;
		};
/* End PBXResourcesBuildPhase section */

/* Begin PBXSourcesBuildPhase section */
		DAA1CB5B2ABC29300028082A /* Sources */ = {
			isa = PBXSourcesBuildPhase;
			buildActionMask = 2147483647;
			files = (
				DAA1CB762ABC36DB0028082A /* HomeService.swift in Sources */,
				DA46755B2ABF357400D3D94B /* Colors.swift in Sources */,
				DADEE2722ABE06BF006FAF02 /* VideoDetailsView.swift in Sources */,
				DAA1CB652ABC29300028082A /* HomeView.swift in Sources */,
				DAA1CB632ABC29300028082A /* PexelsApp.swift in Sources */,
				DADEE2702ABDF2FD006FAF02 /* ItemVideoView.swift in Sources */,
				DA93C11F2ABD794D00828C85 /* HomeViewModels.swift in Sources */,
				DA93C1222ABD796000828C85 /* RawPreviewData.swift in Sources */,
				DADEE26C2ABDF0CF006FAF02 /* VideosDataModel.swift in Sources */,
				DAA1CB782ABC37550028082A /* ItemImageView.swift in Sources */,
				DA93C11B2ABD76F000828C85 /* PhotosDataModel.swift in Sources */,
			);
			runOnlyForDeploymentPostprocessing = 0;
		};
/* End PBXSourcesBuildPhase section */

/* Begin XCBuildConfiguration section */
		DAA1CB6B2ABC29310028082A /* Debug */ = {
			isa = XCBuildConfiguration;
			buildSettings = {
				ALWAYS_SEARCH_USER_PATHS = NO;
				ASSETCATALOG_COMPILER_GENERATE_SWIFT_ASSET_SYMBOL_EXTENSIONS = YES;
				CLANG_ANALYZER_NONNULL = YES;
				CLANG_ANALYZER_NUMBER_OBJECT_CONVERSION = YES_AGGRESSIVE;
				CLANG_CXX_LANGUAGE_STANDARD = "gnu++20";
				CLANG_ENABLE_MODULES = YES;
				CLANG_ENABLE_OBJC_ARC = YES;
				CLANG_ENABLE_OBJC_WEAK = YES;
				CLANG_WARN_BLOCK_CAPTURE_AUTORELEASING = YES;
				CLANG_WARN_BOOL_CONVERSION = YES;
				CLANG_WARN_COMMA = YES;
				CLANG_WARN_CONSTANT_CONVERSION = YES;
				CLANG_WARN_DEPRECATED_OBJC_IMPLEMENTATIONS = YES;
				CLANG_WARN_DIRECT_OBJC_ISA_USAGE = YES_ERROR;
				CLANG_WARN_DOCUMENTATION_COMMENTS = YES;
				CLANG_WARN_EMPTY_BODY = YES;
				CLANG_WARN_ENUM_CONVERSION = YES;
				CLANG_WARN_INFINITE_RECURSION = YES;
				CLANG_WARN_INT_CONVERSION = YES;
				CLANG_WARN_NON_LITERAL_NULL_CONVERSION = YES;
				CLANG_WARN_OBJC_IMPLICIT_RETAIN_SELF = YES;
				CLANG_WARN_OBJC_LITERAL_CONVERSION = YES;
				CLANG_WARN_OBJC_ROOT_CLASS = YES_ERROR;
				CLANG_WARN_QUOTED_INCLUDE_IN_FRAMEWORK_HEADER = YES;
				CLANG_WARN_RANGE_LOOP_ANALYSIS = YES;
				CLANG_WARN_STRICT_PROTOTYPES = YES;
				CLANG_WARN_SUSPICIOUS_MOVE = YES;
				CLANG_WARN_UNGUARDED_AVAILABILITY = YES_AGGRESSIVE;
				CLANG_WARN_UNREACHABLE_CODE = YES;
				CLANG_WARN__DUPLICATE_METHOD_MATCH = YES;
				COPY_PHASE_STRIP = NO;
				DEBUG_INFORMATION_FORMAT = dwarf;
				ENABLE_STRICT_OBJC_MSGSEND = YES;
				ENABLE_TESTABILITY = YES;
				ENABLE_USER_SCRIPT_SANDBOXING = YES;
				GCC_C_LANGUAGE_STANDARD = gnu17;
				GCC_DYNAMIC_NO_PIC = NO;
				GCC_NO_COMMON_BLOCKS = YES;
				GCC_OPTIMIZATION_LEVEL = 0;
				GCC_PREPROCESSOR_DEFINITIONS = (
					"DEBUG=1",
					"$(inherited)",
				);
				GCC_WARN_64_TO_32_BIT_CONVERSION = YES;
				GCC_WARN_ABOUT_RETURN_TYPE = YES_ERROR;
				GCC_WARN_UNDECLARED_SELECTOR = YES;
				GCC_WARN_UNINITIALIZED_AUTOS = YES_AGGRESSIVE;
				GCC_WARN_UNUSED_FUNCTION = YES;
				GCC_WARN_UNUSED_VARIABLE = YES;
				IPHONEOS_DEPLOYMENT_TARGET = 16.0;
				LOCALIZATION_PREFERS_STRING_CATALOGS = YES;
				MTL_ENABLE_DEBUG_INFO = INCLUDE_SOURCE;
				MTL_FAST_MATH = YES;
				ONLY_ACTIVE_ARCH = YES;
				SDKROOT = iphoneos;
				SWIFT_ACTIVE_COMPILATION_CONDITIONS = "DEBUG $(inherited)";
				SWIFT_OPTIMIZATION_LEVEL = "-Onone";
			};
			name = Debug;
		};
		DAA1CB6C2ABC29310028082A /* Release */ = {
			isa = XCBuildConfiguration;
			buildSettings = {
				ALWAYS_SEARCH_USER_PATHS = NO;
				ASSETCATALOG_COMPILER_GENERATE_SWIFT_ASSET_SYMBOL_EXTENSIONS = YES;
				CLANG_ANALYZER_NONNULL = YES;
				CLANG_ANALYZER_NUMBER_OBJECT_CONVERSION = YES_AGGRESSIVE;
				CLANG_CXX_LANGUAGE_STANDARD = "gnu++20";
				CLANG_ENABLE_MODULES = YES;
				CLANG_ENABLE_OBJC_ARC = YES;
				CLANG_ENABLE_OBJC_WEAK = YES;
				CLANG_WARN_BLOCK_CAPTURE_AUTORELEASING = YES;
				CLANG_WARN_BOOL_CONVERSION = YES;
				CLANG_WARN_COMMA = YES;
				CLANG_WARN_CONSTANT_CONVERSION = YES;
				CLANG_WARN_DEPRECATED_OBJC_IMPLEMENTATIONS = YES;
				CLANG_WARN_DIRECT_OBJC_ISA_USAGE = YES_ERROR;
				CLANG_WARN_DOCUMENTATION_COMMENTS = YES;
				CLANG_WARN_EMPTY_BODY = YES;
				CLANG_WARN_ENUM_CONVERSION = YES;
				CLANG_WARN_INFINITE_RECURSION = YES;
				CLANG_WARN_INT_CONVERSION = YES;
				CLANG_WARN_NON_LITERAL_NULL_CONVERSION = YES;
				CLANG_WARN_OBJC_IMPLICIT_RETAIN_SELF = YES;
				CLANG_WARN_OBJC_LITERAL_CONVERSION = YES;
				CLANG_WARN_OBJC_ROOT_CLASS = YES_ERROR;
				CLANG_WARN_QUOTED_INCLUDE_IN_FRAMEWORK_HEADER = YES;
				CLANG_WARN_RANGE_LOOP_ANALYSIS = YES;
				CLANG_WARN_STRICT_PROTOTYPES = YES;
				CLANG_WARN_SUSPICIOUS_MOVE = YES;
				CLANG_WARN_UNGUARDED_AVAILABILITY = YES_AGGRESSIVE;
				CLANG_WARN_UNREACHABLE_CODE = YES;
				CLANG_WARN__DUPLICATE_METHOD_MATCH = YES;
				COPY_PHASE_STRIP = NO;
				DEBUG_INFORMATION_FORMAT = "dwarf-with-dsym";
				ENABLE_NS_ASSERTIONS = NO;
				ENABLE_STRICT_OBJC_MSGSEND = YES;
				ENABLE_USER_SCRIPT_SANDBOXING = YES;
				GCC_C_LANGUAGE_STANDARD = gnu17;
				GCC_NO_COMMON_BLOCKS = YES;
				GCC_WARN_64_TO_32_BIT_CONVERSION = YES;
				GCC_WARN_ABOUT_RETURN_TYPE = YES_ERROR;
				GCC_WARN_UNDECLARED_SELECTOR = YES;
				GCC_WARN_UNINITIALIZED_AUTOS = YES_AGGRESSIVE;
				GCC_WARN_UNUSED_FUNCTION = YES;
				GCC_WARN_UNUSED_VARIABLE = YES;
				IPHONEOS_DEPLOYMENT_TARGET = 16.0;
				LOCALIZATION_PREFERS_STRING_CATALOGS = YES;
				MTL_ENABLE_DEBUG_INFO = NO;
				MTL_FAST_MATH = YES;
				SDKROOT = iphoneos;
				SWIFT_COMPILATION_MODE = wholemodule;
				VALIDATE_PRODUCT = YES;
			};
			name = Release;
		};
		DAA1CB6E2ABC29310028082A /* Debug */ = {
			isa = XCBuildConfiguration;
			buildSettings = {
				ASSETCATALOG_COMPILER_APPICON_NAME = AppIcon;
				ASSETCATALOG_COMPILER_GLOBAL_ACCENT_COLOR_NAME = AccentColor;
				CODE_SIGN_STYLE = Automatic;
				CURRENT_PROJECT_VERSION = 1;
				DEVELOPMENT_ASSET_PATHS = "\"Pexels/Preview Content\"";
				DEVELOPMENT_TEAM = 63VV5L9HD7;
				ENABLE_PREVIEWS = YES;
				GENERATE_INFOPLIST_FILE = YES;
				INFOPLIST_KEY_UIApplicationSceneManifest_Generation = YES;
				INFOPLIST_KEY_UIApplicationSupportsIndirectInputEvents = YES;
				INFOPLIST_KEY_UILaunchScreen_Generation = YES;
				INFOPLIST_KEY_UISupportedInterfaceOrientations_iPad = "UIInterfaceOrientationPortrait UIInterfaceOrientationPortraitUpsideDown UIInterfaceOrientationLandscapeLeft UIInterfaceOrientationLandscapeRight";
				INFOPLIST_KEY_UISupportedInterfaceOrientations_iPhone = "UIInterfaceOrientationPortrait UIInterfaceOrientationLandscapeLeft UIInterfaceOrientationLandscapeRight";
				IPHONEOS_DEPLOYMENT_TARGET = 16.0;
				LD_RUNPATH_SEARCH_PATHS = (
					"$(inherited)",
					"@executable_path/Frameworks",
				);
				MARKETING_VERSION = 1.0;
				PRODUCT_BUNDLE_IDENTIFIER = com.sangam.Pexels;
				PRODUCT_NAME = "$(TARGET_NAME)";
				SWIFT_EMIT_LOC_STRINGS = YES;
				SWIFT_VERSION = 5.0;
				TARGETED_DEVICE_FAMILY = "1,2";
			};
			name = Debug;
		};
		DAA1CB6F2ABC29310028082A /* Release */ = {
			isa = XCBuildConfiguration;
			buildSettings = {
				ASSETCATALOG_COMPILER_APPICON_NAME = AppIcon;
				ASSETCATALOG_COMPILER_GLOBAL_ACCENT_COLOR_NAME = AccentColor;
				CODE_SIGN_STYLE = Automatic;
				CURRENT_PROJECT_VERSION = 1;
				DEVELOPMENT_ASSET_PATHS = "\"Pexels/Preview Content\"";
				DEVELOPMENT_TEAM = 63VV5L9HD7;
				ENABLE_PREVIEWS = YES;
				GENERATE_INFOPLIST_FILE = YES;
				INFOPLIST_KEY_UIApplicationSceneManifest_Generation = YES;
				INFOPLIST_KEY_UIApplicationSupportsIndirectInputEvents = YES;
				INFOPLIST_KEY_UILaunchScreen_Generation = YES;
				INFOPLIST_KEY_UISupportedInterfaceOrientations_iPad = "UIInterfaceOrientationPortrait UIInterfaceOrientationPortraitUpsideDown UIInterfaceOrientationLandscapeLeft UIInterfaceOrientationLandscapeRight";
				INFOPLIST_KEY_UISupportedInterfaceOrientations_iPhone = "UIInterfaceOrientationPortrait UIInterfaceOrientationLandscapeLeft UIInterfaceOrientationLandscapeRight";
				IPHONEOS_DEPLOYMENT_TARGET = 16.0;
				LD_RUNPATH_SEARCH_PATHS = (
					"$(inherited)",
					"@executable_path/Frameworks",
				);
				MARKETING_VERSION = 1.0;
				PRODUCT_BUNDLE_IDENTIFIER = com.sangam.Pexels;
				PRODUCT_NAME = "$(TARGET_NAME)";
				SWIFT_EMIT_LOC_STRINGS = YES;
				SWIFT_VERSION = 5.0;
				TARGETED_DEVICE_FAMILY = "1,2";
			};
			name = Release;
		};
/* End XCBuildConfiguration section */

/* Begin XCConfigurationList section */
		DAA1CB5A2ABC29300028082A /* Build configuration list for PBXProject "Pexels" */ = {
			isa = XCConfigurationList;
			buildConfigurations = (
				DAA1CB6B2ABC29310028082A /* Debug */,
				DAA1CB6C2ABC29310028082A /* Release */,
			);
			defaultConfigurationIsVisible = 0;
			defaultConfigurationName = Release;
		};
		DAA1CB6D2ABC29310028082A /* Build configuration list for PBXNativeTarget "Pexels" */ = {
			isa = XCConfigurationList;
			buildConfigurations = (
				DAA1CB6E2ABC29310028082A /* Debug */,
				DAA1CB6F2ABC29310028082A /* Release */,
			);
			defaultConfigurationIsVisible = 0;
			defaultConfigurationName = Release;
		};
/* End XCConfigurationList section */

/* Begin XCRemoteSwiftPackageReference section */
		DAA1CB792ABC38610028082A /* XCRemoteSwiftPackageReference "Kingfisher" */ = {
			isa = XCRemoteSwiftPackageReference;
			repositoryURL = "https://github.com/onevcat/Kingfisher.git";
			requirement = {
				kind = upToNextMajorVersion;
				minimumVersion = 7.9.1;
			};
		};
		DAB5B9DA2ABEEEE700B0C31B /* XCRemoteSwiftPackageReference "lottie-ios" */ = {
			isa = XCRemoteSwiftPackageReference;
			repositoryURL = "https://github.com/airbnb/lottie-ios.git";
			requirement = {
				kind = upToNextMajorVersion;
				minimumVersion = 4.0.0;
			};
		};
/* End XCRemoteSwiftPackageReference section */

/* Begin XCSwiftPackageProductDependency section */
		DAA1CB7A2ABC38610028082A /* Kingfisher */ = {
			isa = XCSwiftPackageProductDependency;
			package = DAA1CB792ABC38610028082A /* XCRemoteSwiftPackageReference "Kingfisher" */;
			productName = Kingfisher;
		};
		DAB5B9DB2ABEEEE700B0C31B /* Lottie */ = {
			isa = XCSwiftPackageProductDependency;
			package = DAB5B9DA2ABEEEE700B0C31B /* XCRemoteSwiftPackageReference "lottie-ios" */;
			productName = Lottie;
		};
/* End XCSwiftPackageProductDependency section */
	};
	rootObject = DAA1CB572ABC29300028082A /* Project object */;
}
